
Microsoft Visual Studio Solution File, Format Version 12.00
# Visual Studio Version 16
VisualStudioVersion = 16.0.31702.278
MinimumVisualStudioVersion = 10.0.40219.1
Project("{FAE04EC0-301F-11D3-BF4B-00C04F79EFBC}") = "ProyectoVentaBicis", "ProyectoVentaBicis\ProyectoVentaBicis.csproj", "{2EF6CE6C-2928-42DA-9D21-2EFDEE10BB4E}"
EndProject
Global
	GlobalSection(SolutionConfigurationPlatforms) = preSolution
		Debug|Any CPU = Debug|Any CPU
		Release|Any CPU = Release|Any CPU
	EndGlobalSection
	GlobalSection(ProjectConfigurationPlatforms) = postSolution
		{2EF6CE6C-2928-42DA-9D21-2EFDEE10BB4E}.Debug|Any CPU.ActiveCfg = Debug|Any CPU
		{2EF6CE6C-2928-42DA-9D21-2EFDEE10BB4E}.Debug|Any CPU.Build.0 = Debug|Any CPU
		{2EF6CE6C-2928-42DA-9D21-2EFDEE10BB4E}.Release|Any CPU.ActiveCfg = Release|Any CPU
		{2EF6CE6C-2928-42DA-9D21-2EFDEE10BB4E}.Release|Any CPU.Build.0 = Release|Any CPU
	EndGlobalSection
	GlobalSection(SolutionProperties) = preSolution
		HideSolutionNode = FALSE
	EndGlobalSection
	GlobalSection(ExtensibilityGlobals) = postSolution
		SolutionGuid = {585EC1D3-ABCF-404F-96E3-2C7EB1673F7A}
	EndGlobalSection
EndGlobal
